Microsoft Visual Studio Solution File, Format Version 12.00
# Visual Studio Version 17
VisualStudioVersion = 17.5.2.0
MinimumVisualStudioVersion = 10.0.40219.1
Project("{FAE04EC0-301F-11D3-BF4B-00C04F79EFBC}") = "losefchat", "losefchat.csproj", "{BA66EA08-CB41-06E9-B701-78347DADF431}"
EndProject
Global
	GlobalSection(SolutionConfigurationPlatforms) = preSolution
		Debug|Any CPU = Debug|Any CPU
		Release|Any CPU = Release|Any CPU
	EndGlobalSection
	GlobalSection(ProjectConfigurationPlatforms) = postSolution
		{BA66EA08-CB41-06E9-B701-78347DADF431}.Debug|Any CPU.ActiveCfg = Debug|Any CPU
		{BA66EA08-CB41-06E9-B701-78347DADF431}.Debug|Any CPU.Build.0 = Debug|Any CPU
		{BA66EA08-CB41-06E9-B701-78347DADF431}.Release|Any CPU.ActiveCfg = Release|Any CPU
		{BA66EA08-CB41-06E9-B701-78347DADF431}.Release|Any CPU.Build.0 = Release|Any CPU
	EndGlobalSection
	GlobalSection(SolutionProperties) = preSolution
		HideSolutionNode = FALSE
	EndGlobalSection
	GlobalSection(ExtensibilityGlobals) = postSolution
		SolutionGuid = {6F66CE79-A41A-49D3-BF6F-94F48FCBC312}
	EndGlobalSection
EndGlobal
